
Microsoft Visual Studio Solution File, Format Version 12.00
# Visual Studio Version 17
VisualStudioVersion = 17.12.35527.113
MinimumVisualStudioVersion = 10.0.40219.1
Project("{FAE04EC0-301F-11D3-BF4B-00C04F79EFBC}") = "Lab1_TranLeHienDuc_CSE422_Problem2", "Lab1_TranLeHienDuc_CSE422_Problem2\Lab1_TranLeHienDuc_CSE422_Problem2.csproj", "{15901A72-302A-49B9-8FFF-583ACF61D476}"
EndProject
Project("{FAE04EC0-301F-11D3-BF4B-00C04F79EFBC}") = "Lab1_TranLeHienDuc_CSE422_Problem3", "Lab1_TranLeHienDuc_CSE422_Problem3\Lab1_TranLeHienDuc_CSE422_Problem3.csproj", "{6BB52513-80E1-410D-99B4-7B08E79D513A}"
EndProject
Project("{FAE04EC0-301F-11D3-BF4B-00C04F79EFBC}") = "Lab1_TranLeHienDuc_CSE422_Problem1", "Lab1_TranLeHienDuc_CSE422_Problem1\Lab1_TranLeHienDuc_CSE422_Problem1.csproj", "{752B1A5D-98D0-4907-A699-A1E94CB9AEBA}"
EndProject
Global
	GlobalSection(SolutionConfigurationPlatforms) = preSolution
		Debug|Any CPU = Debug|Any CPU
		Release|Any CPU = Release|Any CPU
	EndGlobalSection
	GlobalSection(ProjectConfigurationPlatforms) = postSolution
		{15901A72-302A-49B9-8FFF-583ACF61D476}.Debug|Any CPU.ActiveCfg = Debug|Any CPU
		{15901A72-302A-49B9-8FFF-583ACF61D476}.Debug|Any CPU.Build.0 = Debug|Any CPU
		{15901A72-302A-49B9-8FFF-583ACF61D476}.Release|Any CPU.ActiveCfg = Release|Any CPU
		{15901A72-302A-49B9-8FFF-583ACF61D476}.Release|Any CPU.Build.0 = Release|Any CPU
		{6BB52513-80E1-410D-99B4-7B08E79D513A}.Debug|Any CPU.ActiveCfg = Debug|Any CPU
		{6BB52513-80E1-410D-99B4-7B08E79D513A}.Debug|Any CPU.Build.0 = Debug|Any CPU
		{6BB52513-80E1-410D-99B4-7B08E79D513A}.Release|Any CPU.ActiveCfg = Release|Any CPU
		{6BB52513-80E1-410D-99B4-7B08E79D513A}.Release|Any CPU.Build.0 = Release|Any CPU
		{752B1A5D-98D0-4907-A699-A1E94CB9AEBA}.Debug|Any CPU.ActiveCfg = Debug|Any CPU
		{752B1A5D-98D0-4907-A699-A1E94CB9AEBA}.Debug|Any CPU.Build.0 = Debug|Any CPU
		{752B1A5D-98D0-4907-A699-A1E94CB9AEBA}.Release|Any CPU.ActiveCfg = Release|Any CPU
		{752B1A5D-98D0-4907-A699-A1E94CB9AEBA}.Release|Any CPU.Build.0 = Release|Any CPU
	EndGlobalSection
	GlobalSection(SolutionProperties) = preSolution
		HideSolutionNode = FALSE
	EndGlobalSection
EndGlobal
