
Microsoft Visual Studio Solution File, Format Version 12.00
# Visual Studio Version 17
VisualStudioVersion = 17.12.35527.113 d17.12
MinimumVisualStudioVersion = 10.0.40219.1
Project("{FAE04EC0-301F-11D3-BF4B-00C04F79EFBC}") = "Lab5_TranLeHienDuc_CSE422", "Lab5_TranLeHienDuc_CSE422\Lab5_TranLeHienDuc_CSE422.csproj", "{CA7D8EF6-97B6-4910-9D41-8E55187FB1ED}"
EndProject
Global
	GlobalSection(SolutionConfigurationPlatforms) = preSolution
		Debug|Any CPU = Debug|Any CPU
		Release|Any CPU = Release|Any CPU
	EndGlobalSection
	GlobalSection(ProjectConfigurationPlatforms) = postSolution
		{CA7D8EF6-97B6-4910-9D41-8E55187FB1ED}.Debug|Any CPU.ActiveCfg = Debug|Any CPU
		{CA7D8EF6-97B6-4910-9D41-8E55187FB1ED}.Debug|Any CPU.Build.0 = Debug|Any CPU
		{CA7D8EF6-97B6-4910-9D41-8E55187FB1ED}.Release|Any CPU.ActiveCfg = Release|Any CPU
		{CA7D8EF6-97B6-4910-9D41-8E55187FB1ED}.Release|Any CPU.Build.0 = Release|Any CPU
	EndGlobalSection
	GlobalSection(SolutionProperties) = preSolution
		HideSolutionNode = FALSE
	EndGlobalSection
EndGlobal
