Microsoft Visual Studio Solution File, Format Version 12.00
# Visual Studio Version 17
VisualStudioVersion = 17.5.2.0
MinimumVisualStudioVersion = 10.0.40219.1
Project("{FAE04EC0-301F-11D3-BF4B-00C04F79EFBC}") = "Lab4_TranLeHienDuc_CSE422", "Lab4_TranLeHienDuc_CSE422.csproj", "{A5A38F16-26B2-F08E-95A1-22FE9EDF5C45}"
EndProject
Global
	GlobalSection(SolutionConfigurationPlatforms) = preSolution
		Debug|Any CPU = Debug|Any CPU
		Release|Any CPU = Release|Any CPU
	EndGlobalSection
	GlobalSection(ProjectConfigurationPlatforms) = postSolution
		{A5A38F16-26B2-F08E-95A1-22FE9EDF5C45}.Debug|Any CPU.ActiveCfg = Debug|Any CPU
		{A5A38F16-26B2-F08E-95A1-22FE9EDF5C45}.Debug|Any CPU.Build.0 = Debug|Any CPU
		{A5A38F16-26B2-F08E-95A1-22FE9EDF5C45}.Release|Any CPU.ActiveCfg = Release|Any CPU
		{A5A38F16-26B2-F08E-95A1-22FE9EDF5C45}.Release|Any CPU.Build.0 = Release|Any CPU
	EndGlobalSection
	GlobalSection(SolutionProperties) = preSolution
		HideSolutionNode = FALSE
	EndGlobalSection
	GlobalSection(ExtensibilityGlobals) = postSolution
		SolutionGuid = {DF1A4F26-AC83-408E-BD7A-2394A1F19750}
	EndGlobalSection
EndGlobal
